
Microsoft Visual Studio Solution File, Format Version 12.00
# Visual Studio Version 16
VisualStudioVersion = 16.0.31229.75
MinimumVisualStudioVersion = 10.0.40219.1
Project("{FAE04EC0-301F-11D3-BF4B-00C04F79EFBC}") = "RaceCatsTask", "RaceCatsTask.csproj", "{90975334-89B4-40C0-B2B3-FC9B80187EB4}"
EndProject
Project("{FAE04EC0-301F-11D3-BF4B-00C04F79EFBC}") = "UnitTestProject1", "..\UnitTestProject1\UnitTestProject1.csproj", "{DEEC47D1-6BBC-4976-B29A-19B007399BC3}"
EndProject
Global
	GlobalSection(SolutionConfigurationPlatforms) = preSolution
		Debug|Any CPU = Debug|Any CPU
		Release|Any CPU = Release|Any CPU
	EndGlobalSection
	GlobalSection(ProjectConfigurationPlatforms) = postSolution
		{90975334-89B4-40C0-B2B3-FC9B80187EB4}.Debug|Any CPU.ActiveCfg = Debug|Any CPU
		{90975334-89B4-40C0-B2B3-FC9B80187EB4}.Debug|Any CPU.Build.0 = Debug|Any CPU
		{90975334-89B4-40C0-B2B3-FC9B80187EB4}.Release|Any CPU.ActiveCfg = Release|Any CPU
		{90975334-89B4-40C0-B2B3-FC9B80187EB4}.Release|Any CPU.Build.0 = Release|Any CPU
		{DEEC47D1-6BBC-4976-B29A-19B007399BC3}.Debug|Any CPU.ActiveCfg = Debug|Any CPU
		{DEEC47D1-6BBC-4976-B29A-19B007399BC3}.Debug|Any CPU.Build.0 = Debug|Any CPU
		{DEEC47D1-6BBC-4976-B29A-19B007399BC3}.Release|Any CPU.ActiveCfg = Release|Any CPU
		{DEEC47D1-6BBC-4976-B29A-19B007399BC3}.Release|Any CPU.Build.0 = Release|Any CPU
	EndGlobalSection
	GlobalSection(SolutionProperties) = preSolution
		HideSolutionNode = FALSE
	EndGlobalSection
	GlobalSection(ExtensibilityGlobals) = postSolution
		SolutionGuid = {BD2AF88D-6499-4446-9C94-B0EE2CCF0FB6}
	EndGlobalSection
EndGlobal
